
Microsoft Visual Studio Solution File, Format Version 12.00
# Visual Studio Version 17
VisualStudioVersion = 17.8.34330.188
MinimumVisualStudioVersion = 10.0.40219.1
Project("{9A19103F-16F7-4668-BE54-9A1E7A4F7556}") = "Curso C#", "Curso C#.csproj", "{69832C7D-BC04-4E6F-8C35-235341EDE5F8}"
EndProject
Project("{9A19103F-16F7-4668-BE54-9A1E7A4F7556}") = "PrimeiraClasse", "..\PrimeiraClasse\PrimeiraClasse.csproj", "{48C80C5B-C1EF-40CC-BCEA-D9620E459C52}"
EndProject
Project("{9A19103F-16F7-4668-BE54-9A1E7A4F7556}") = "Exercicio01", "..\Exercicios\Exercicio01.csproj", "{8629FB88-5BC2-4FD3-8382-C99BB58EFD6B}"
EndProject
Project("{9A19103F-16F7-4668-BE54-9A1E7A4F7556}") = "Exercicio02", "..\Exercicio02\Exercicio02.csproj", "{C90E5CA8-C6D4-4C1B-9739-AC2773987D39}"
EndProject
Project("{9A19103F-16F7-4668-BE54-9A1E7A4F7556}") = "SegundaClasse", "..\SegundaClasse\SegundaClasse.csproj", "{C4813667-E2D5-4D79-8F47-B0067FBFF399}"
EndProject
Project("{9A19103F-16F7-4668-BE54-9A1E7A4F7556}") = "Exercicio03", "..\exercicio03\Exercicio03.csproj", "{B823BCC3-74D0-423A-AEFA-ECCAE58DF2B1}"
EndProject
Project("{9A19103F-16F7-4668-BE54-9A1E7A4F7556}") = "exercicio04", "..\exercicio04\exercicio04.csproj", "{E991D1D1-652B-40AD-B77C-B859867E02CB}"
EndProject
Project("{9A19103F-16F7-4668-BE54-9A1E7A4F7556}") = "Exercicio05", "..\Exercicio05\Exercicio05.csproj", "{332F714C-8932-4832-8594-A0EB4A292E96}"
EndProject
Project("{9A19103F-16F7-4668-BE54-9A1E7A4F7556}") = "Membros estaticos", "..\Membros estaticos\Membros estaticos.csproj", "{3F323F0A-5EDA-4908-B1E8-1405F29BB44B}"
EndProject
Project("{9A19103F-16F7-4668-BE54-9A1E7A4F7556}") = "MembrosEstaticos02", "..\MembrosEstaticos02\MembrosEstaticos02.csproj", "{4CF3F33B-8549-4091-AB59-9C7A4C2DDC24}"
EndProject
Project("{9A19103F-16F7-4668-BE54-9A1E7A4F7556}") = "MembrosEstaticos03", "..\MembrosEstaticos03\MembrosEstaticos03.csproj", "{6218693A-20D5-4C1B-90F8-D73B0CE2929E}"
EndProject
Project("{9A19103F-16F7-4668-BE54-9A1E7A4F7556}") = "Exercicio06", "..\exercicio06\Exercicio06.csproj", "{55150822-DFD0-4AB1-B5AC-6B9DFBD68A63}"
EndProject
Project("{2150E333-8FDC-42A3-9474-1A3956D46DE8}") = "1 - Classes, atributos,métodos, membros estáticos", "1 - Classes, atributos,métodos, membros estáticos", "{B350D72F-7395-4D4C-A707-F1CB051131CB}"
EndProject
Project("{9A19103F-16F7-4668-BE54-9A1E7A4F7556}") = "Construtor01", "..\Construtor01\Construtor01.csproj", "{06042640-71AD-49A7-B298-7480ABE56193}"
EndProject
Project("{9A19103F-16F7-4668-BE54-9A1E7A4F7556}") = "Exercício01", "..\Exercício01\Exercício01.csproj", "{C1C924E5-45A3-434F-8EEA-AD2613BD4EC2}"
EndProject
Project("{2150E333-8FDC-42A3-9474-1A3956D46DE8}") = "2 - Contrutores, atributos, métodos, membros estáticos", "2 - Contrutores, atributos, métodos, membros estáticos", "{1DC2571F-803F-48C1-9371-80F8C57FEB72}"
EndProject
Project("{2150E333-8FDC-42A3-9474-1A3956D46DE8}") = "3 - Comportamento de memória,arrays, listas", "3 - Comportamento de memória,arrays, listas", "{8411CCE9-4DE6-49B8-8956-2C7135791722}"
EndProject
Project("{9A19103F-16F7-4668-BE54-9A1E7A4F7556}") = "Exercicio Vetor", "..\Exercicio Vetor\Exercicio Vetor.csproj", "{261EDDAB-4115-41A8-B226-4369AEA4D53B}"
EndProject
Project("{9A19103F-16F7-4668-BE54-9A1E7A4F7556}") = "Listas01", "..\Listas01\Listas01.csproj", "{67589E2C-628A-40AB-A5D5-181D91B20B66}"
EndProject
Project("{9A19103F-16F7-4668-BE54-9A1E7A4F7556}") = "Exercicio Listas", "..\Exercicio Listas\Exercicio Listas.csproj", "{CEBD3326-5045-4786-A58A-6450526C6FA6}"
EndProject
Project("{9A19103F-16F7-4668-BE54-9A1E7A4F7556}") = "ExercicioMatrizes", "..\ExercicioMatrizes\ExercicioMatrizes.csproj", "{CBFDD9E3-3889-4416-95EA-5BBF11350EF3}"
EndProject
Project("{9A19103F-16F7-4668-BE54-9A1E7A4F7556}") = "Exercicio Matrizes", "..\Exercicio Matrizes\Exercicio Matrizes.csproj", "{B3B34624-D93F-42BA-A975-AE6C7BE88D2E}"
EndProject
Project("{2150E333-8FDC-42A3-9474-1A3956D46DE8}") = "4- Topicos C# 1", "4- Topicos C# 1", "{01D8D828-7E0B-4E5B-A5A2-20F377FDCE85}"
EndProject
Project("{9A19103F-16F7-4668-BE54-9A1E7A4F7556}") = "var", "..\var\var.csproj", "{9022A7F6-2C46-484E-984F-C036932002CD}"
EndProject
Project("{9A19103F-16F7-4668-BE54-9A1E7A4F7556}") = "switchcase", "..\switch\switchcase.csproj", "{F72A79C8-AAB5-4C35-AEBF-AC9FE1967DEA}"
EndProject
Project("{9A19103F-16F7-4668-BE54-9A1E7A4F7556}") = "ternario", "..\ternario\ternario.csproj", "{5852A039-793E-4BDD-A3F2-6411D55D4DA6}"
EndProject
Project("{9A19103F-16F7-4668-BE54-9A1E7A4F7556}") = "coisas para string", "..\coisas para string\coisas para string.csproj", "{104C75B2-77F0-4FF6-8AB8-A492950F2C90}"
EndProject
Project("{9A19103F-16F7-4668-BE54-9A1E7A4F7556}") = "DateTime01", "..\DateTime\DateTime01.csproj", "{2C16D818-AE16-4933-884D-999922016D62}"
EndProject
Project("{9A19103F-16F7-4668-BE54-9A1E7A4F7556}") = "TimeSpan01", "..\TimeSpan01\TimeSpan01.csproj", "{2CB42DD7-F91F-4262-B4C7-E20E072347EA}"
EndProject
Project("{9A19103F-16F7-4668-BE54-9A1E7A4F7556}") = "DateTime02", "..\DateTime02\DateTime02.csproj", "{63546276-9378-4620-92FC-701507683B62}"
EndProject
Project("{2150E333-8FDC-42A3-9474-1A3956D46DE8}") = "5 - Enum", "5 - Enum", "{659AC59A-9788-4681-86ED-CD9807ACFC2C}"
EndProject
Project("{9A19103F-16F7-4668-BE54-9A1E7A4F7556}") = "Course", "..\Enum\Course.csproj", "{031035AC-5A65-4B4A-87C2-3C475FA28DE0}"
EndProject
Project("{FAE04EC0-301F-11D3-BF4B-00C04F79EFBC}") = "Course02", "..\Course02\Course02.csproj", "{DD450FFA-DF33-41AC-BA0F-4D7A7297EC95}"
EndProject
Project("{FAE04EC0-301F-11D3-BF4B-00C04F79EFBC}") = "Course03", "..\Course03\Course03.csproj", "{0EA2320C-FBC7-483B-AFA1-87AD30FDDBCB}"
EndProject
Project("{FAE04EC0-301F-11D3-BF4B-00C04F79EFBC}") = "Exercicio", "..\Exercicio\Exercicio.csproj", "{350E9A58-99AB-4B4B-9735-A7DB8E99B7BB}"
EndProject
Project("{2150E333-8FDC-42A3-9474-1A3956D46DE8}") = "6 - Herança e Polimorfismo", "6 - Herança e Polimorfismo", "{DB674235-46E7-4CC4-8B3C-1FE36BA1BCEF}"
EndProject
Project("{FAE04EC0-301F-11D3-BF4B-00C04F79EFBC}") = "Course09_1", "..\Course09_1\Course09_1.csproj", "{CF4FCBF9-B10F-410B-B152-AD363C230993}"
EndProject
Project("{FAE04EC0-301F-11D3-BF4B-00C04F79EFBC}") = "Exercicio_Resolvido01", "..\Exercicio_Resolvido01\Exercicio_Resolvido01.csproj", "{2524993C-34B9-4F4E-8EFE-2C607683C413}"
EndProject
Project("{FAE04EC0-301F-11D3-BF4B-00C04F79EFBC}") = "Exercicio_Proposto01", "..\Exercicio_Proposto01\Exercicio_Proposto01.csproj", "{9643F90A-6D3D-45AF-82AA-A2D77F172B62}"
EndProject
Project("{FAE04EC0-301F-11D3-BF4B-00C04F79EFBC}") = "Course9_2", "..\Course9_2\Course9_2.csproj", "{1F81806E-7E0C-477B-849C-F8522F4B9737}"
EndProject
Project("{FAE04EC0-301F-11D3-BF4B-00C04F79EFBC}") = "Exercicio_Proposto02", "..\Exercicio_Proposto02\Exercicio_Proposto02.csproj", "{5E3B3A81-E8E4-41D4-8606-BC1C0710C946}"
EndProject
Project("{2150E333-8FDC-42A3-9474-1A3956D46DE8}") = "7 - Tratamento de exceções", "7 - Tratamento de exceções", "{FC08ACCF-9CBA-4F8C-8565-F7EFB369852D}"
EndProject
Project("{FAE04EC0-301F-11D3-BF4B-00C04F79EFBC}") = "Course07_1", "..\Course07_1\Course07_1.csproj", "{02312626-C3EE-4E84-A80B-29ED1B6E76EE}"
EndProject
Project("{FAE04EC0-301F-11D3-BF4B-00C04F79EFBC}") = "Course07_2", "..\Course07_2\Course07_2.csproj", "{46CDC0F8-FFEF-484C-BEC5-A69A24DB34B6}"
EndProject
Project("{FAE04EC0-301F-11D3-BF4B-00C04F79EFBC}") = "Course07_3", "..\Course07_3\Course07_3.csproj", "{DA4C47DC-5D24-433E-8265-F0593EF5A660}"
EndProject
Project("{FAE04EC0-301F-11D3-BF4B-00C04F79EFBC}") = "Atividade_exception", "..\Atividade_exception\Atividade_exception.csproj", "{EC0D237B-C30A-4966-98EA-85AD7C553A77}"
EndProject
Project("{2150E333-8FDC-42A3-9474-1A3956D46DE8}") = "8 - Interfaces", "8 - Interfaces", "{4CD0CD40-C641-4708-BA2F-7750F9255587}"
EndProject
Project("{FAE04EC0-301F-11D3-BF4B-00C04F79EFBC}") = "Course8_1", "..\Course8_1\Course8_1.csproj", "{12235F7B-62CE-450F-A285-6959B01F0F5C}"
EndProject
Project("{FAE04EC0-301F-11D3-BF4B-00C04F79EFBC}") = "ExercicioProposto_8", "..\ExercicioProposto_8\ExercicioProposto_8.csproj", "{E5B6626D-1ADB-41A1-AA3A-E357F4498747}"
EndProject
Global
	GlobalSection(SolutionConfigurationPlatforms) = preSolution
		Debug|Any CPU = Debug|Any CPU
		Release|Any CPU = Release|Any CPU
	EndGlobalSection
	GlobalSection(ProjectConfigurationPlatforms) = postSolution
		{69832C7D-BC04-4E6F-8C35-235341EDE5F8}.Debug|Any CPU.ActiveCfg = Debug|Any CPU
		{69832C7D-BC04-4E6F-8C35-235341EDE5F8}.Debug|Any CPU.Build.0 = Debug|Any CPU
		{69832C7D-BC04-4E6F-8C35-235341EDE5F8}.Release|Any CPU.ActiveCfg = Release|Any CPU
		{69832C7D-BC04-4E6F-8C35-235341EDE5F8}.Release|Any CPU.Build.0 = Release|Any CPU
		{48C80C5B-C1EF-40CC-BCEA-D9620E459C52}.Debug|Any CPU.ActiveCfg = Debug|Any CPU
		{48C80C5B-C1EF-40CC-BCEA-D9620E459C52}.Debug|Any CPU.Build.0 = Debug|Any CPU
		{48C80C5B-C1EF-40CC-BCEA-D9620E459C52}.Release|Any CPU.ActiveCfg = Release|Any CPU
		{48C80C5B-C1EF-40CC-BCEA-D9620E459C52}.Release|Any CPU.Build.0 = Release|Any CPU
		{8629FB88-5BC2-4FD3-8382-C99BB58EFD6B}.Debug|Any CPU.ActiveCfg = Debug|Any CPU
		{8629FB88-5BC2-4FD3-8382-C99BB58EFD6B}.Debug|Any CPU.Build.0 = Debug|Any CPU
		{8629FB88-5BC2-4FD3-8382-C99BB58EFD6B}.Release|Any CPU.ActiveCfg = Release|Any CPU
		{8629FB88-5BC2-4FD3-8382-C99BB58EFD6B}.Release|Any CPU.Build.0 = Release|Any CPU
		{C90E5CA8-C6D4-4C1B-9739-AC2773987D39}.Debug|Any CPU.ActiveCfg = Debug|Any CPU
		{C90E5CA8-C6D4-4C1B-9739-AC2773987D39}.Debug|Any CPU.Build.0 = Debug|Any CPU
		{C90E5CA8-C6D4-4C1B-9739-AC2773987D39}.Release|Any CPU.ActiveCfg = Release|Any CPU
		{C90E5CA8-C6D4-4C1B-9739-AC2773987D39}.Release|Any CPU.Build.0 = Release|Any CPU
		{C4813667-E2D5-4D79-8F47-B0067FBFF399}.Debug|Any CPU.ActiveCfg = Debug|Any CPU
		{C4813667-E2D5-4D79-8F47-B0067FBFF399}.Debug|Any CPU.Build.0 = Debug|Any CPU
		{C4813667-E2D5-4D79-8F47-B0067FBFF399}.Release|Any CPU.ActiveCfg = Release|Any CPU
		{C4813667-E2D5-4D79-8F47-B0067FBFF399}.Release|Any CPU.Build.0 = Release|Any CPU
		{B823BCC3-74D0-423A-AEFA-ECCAE58DF2B1}.Debug|Any CPU.ActiveCfg = Debug|Any CPU
		{B823BCC3-74D0-423A-AEFA-ECCAE58DF2B1}.Debug|Any CPU.Build.0 = Debug|Any CPU
		{B823BCC3-74D0-423A-AEFA-ECCAE58DF2B1}.Release|Any CPU.ActiveCfg = Release|Any CPU
		{B823BCC3-74D0-423A-AEFA-ECCAE58DF2B1}.Release|Any CPU.Build.0 = Release|Any CPU
		{E991D1D1-652B-40AD-B77C-B859867E02CB}.Debug|Any CPU.ActiveCfg = Debug|Any CPU
		{E991D1D1-652B-40AD-B77C-B859867E02CB}.Debug|Any CPU.Build.0 = Debug|Any CPU
		{E991D1D1-652B-40AD-B77C-B859867E02CB}.Release|Any CPU.ActiveCfg = Release|Any CPU
		{E991D1D1-652B-40AD-B77C-B859867E02CB}.Release|Any CPU.Build.0 = Release|Any CPU
		{332F714C-8932-4832-8594-A0EB4A292E96}.Debug|Any CPU.ActiveCfg = Debug|Any CPU
		{332F714C-8932-4832-8594-A0EB4A292E96}.Debug|Any CPU.Build.0 = Debug|Any CPU
		{332F714C-8932-4832-8594-A0EB4A292E96}.Release|Any CPU.ActiveCfg = Release|Any CPU
		{332F714C-8932-4832-8594-A0EB4A292E96}.Release|Any CPU.Build.0 = Release|Any CPU
		{3F323F0A-5EDA-4908-B1E8-1405F29BB44B}.Debug|Any CPU.ActiveCfg = Debug|Any CPU
		{3F323F0A-5EDA-4908-B1E8-1405F29BB44B}.Debug|Any CPU.Build.0 = Debug|Any CPU
		{3F323F0A-5EDA-4908-B1E8-1405F29BB44B}.Release|Any CPU.ActiveCfg = Release|Any CPU
		{3F323F0A-5EDA-4908-B1E8-1405F29BB44B}.Release|Any CPU.Build.0 = Release|Any CPU
		{4CF3F33B-8549-4091-AB59-9C7A4C2DDC24}.Debug|Any CPU.ActiveCfg = Debug|Any CPU
		{4CF3F33B-8549-4091-AB59-9C7A4C2DDC24}.Debug|Any CPU.Build.0 = Debug|Any CPU
		{4CF3F33B-8549-4091-AB59-9C7A4C2DDC24}.Release|Any CPU.ActiveCfg = Release|Any CPU
		{4CF3F33B-8549-4091-AB59-9C7A4C2DDC24}.Release|Any CPU.Build.0 = Release|Any CPU
		{6218693A-20D5-4C1B-90F8-D73B0CE2929E}.Debug|Any CPU.ActiveCfg = Debug|Any CPU
		{6218693A-20D5-4C1B-90F8-D73B0CE2929E}.Debug|Any CPU.Build.0 = Debug|Any CPU
		{6218693A-20D5-4C1B-90F8-D73B0CE2929E}.Release|Any CPU.ActiveCfg = Release|Any CPU
		{6218693A-20D5-4C1B-90F8-D73B0CE2929E}.Release|Any CPU.Build.0 = Release|Any CPU
		{55150822-DFD0-4AB1-B5AC-6B9DFBD68A63}.Debug|Any CPU.ActiveCfg = Debug|Any CPU
		{55150822-DFD0-4AB1-B5AC-6B9DFBD68A63}.Debug|Any CPU.Build.0 = Debug|Any CPU
		{55150822-DFD0-4AB1-B5AC-6B9DFBD68A63}.Release|Any CPU.ActiveCfg = Release|Any CPU
		{55150822-DFD0-4AB1-B5AC-6B9DFBD68A63}.Release|Any CPU.Build.0 = Release|Any CPU
		{06042640-71AD-49A7-B298-7480ABE56193}.Debug|Any CPU.ActiveCfg = Debug|Any CPU
		{06042640-71AD-49A7-B298-7480ABE56193}.Debug|Any CPU.Build.0 = Debug|Any CPU
		{06042640-71AD-49A7-B298-7480ABE56193}.Release|Any CPU.ActiveCfg = Release|Any CPU
		{06042640-71AD-49A7-B298-7480ABE56193}.Release|Any CPU.Build.0 = Release|Any CPU
		{C1C924E5-45A3-434F-8EEA-AD2613BD4EC2}.Debug|Any CPU.ActiveCfg = Debug|Any CPU
		{C1C924E5-45A3-434F-8EEA-AD2613BD4EC2}.Debug|Any CPU.Build.0 = Debug|Any CPU
		{C1C924E5-45A3-434F-8EEA-AD2613BD4EC2}.Release|Any CPU.ActiveCfg = Release|Any CPU
		{C1C924E5-45A3-434F-8EEA-AD2613BD4EC2}.Release|Any CPU.Build.0 = Release|Any CPU
		{261EDDAB-4115-41A8-B226-4369AEA4D53B}.Debug|Any CPU.ActiveCfg = Debug|Any CPU
		{261EDDAB-4115-41A8-B226-4369AEA4D53B}.Debug|Any CPU.Build.0 = Debug|Any CPU
		{261EDDAB-4115-41A8-B226-4369AEA4D53B}.Release|Any CPU.ActiveCfg = Release|Any CPU
		{261EDDAB-4115-41A8-B226-4369AEA4D53B}.Release|Any CPU.Build.0 = Release|Any CPU
		{67589E2C-628A-40AB-A5D5-181D91B20B66}.Debug|Any CPU.ActiveCfg = Debug|Any CPU
		{67589E2C-628A-40AB-A5D5-181D91B20B66}.Debug|Any CPU.Build.0 = Debug|Any CPU
		{67589E2C-628A-40AB-A5D5-181D91B20B66}.Release|Any CPU.ActiveCfg = Release|Any CPU
		{67589E2C-628A-40AB-A5D5-181D91B20B66}.Release|Any CPU.Build.0 = Release|Any CPU
		{CEBD3326-5045-4786-A58A-6450526C6FA6}.Debug|Any CPU.ActiveCfg = Debug|Any CPU
		{CEBD3326-5045-4786-A58A-6450526C6FA6}.Debug|Any CPU.Build.0 = Debug|Any CPU
		{CEBD3326-5045-4786-A58A-6450526C6FA6}.Release|Any CPU.ActiveCfg = Release|Any CPU
		{CEBD3326-5045-4786-A58A-6450526C6FA6}.Release|Any CPU.Build.0 = Release|Any CPU
		{CBFDD9E3-3889-4416-95EA-5BBF11350EF3}.Debug|Any CPU.ActiveCfg = Debug|Any CPU
		{CBFDD9E3-3889-4416-95EA-5BBF11350EF3}.Debug|Any CPU.Build.0 = Debug|Any CPU
		{CBFDD9E3-3889-4416-95EA-5BBF11350EF3}.Release|Any CPU.ActiveCfg = Release|Any CPU
		{CBFDD9E3-3889-4416-95EA-5BBF11350EF3}.Release|Any CPU.Build.0 = Release|Any CPU
		{B3B34624-D93F-42BA-A975-AE6C7BE88D2E}.Debug|Any CPU.ActiveCfg = Debug|Any CPU
		{B3B34624-D93F-42BA-A975-AE6C7BE88D2E}.Debug|Any CPU.Build.0 = Debug|Any CPU
		{B3B34624-D93F-42BA-A975-AE6C7BE88D2E}.Release|Any CPU.ActiveCfg = Release|Any CPU
		{B3B34624-D93F-42BA-A975-AE6C7BE88D2E}.Release|Any CPU.Build.0 = Release|Any CPU
		{9022A7F6-2C46-484E-984F-C036932002CD}.Debug|Any CPU.ActiveCfg = Debug|Any CPU
		{9022A7F6-2C46-484E-984F-C036932002CD}.Debug|Any CPU.Build.0 = Debug|Any CPU
		{9022A7F6-2C46-484E-984F-C036932002CD}.Release|Any CPU.ActiveCfg = Release|Any CPU
		{9022A7F6-2C46-484E-984F-C036932002CD}.Release|Any CPU.Build.0 = Release|Any CPU
		{F72A79C8-AAB5-4C35-AEBF-AC9FE1967DEA}.Debug|Any CPU.ActiveCfg = Debug|Any CPU
		{F72A79C8-AAB5-4C35-AEBF-AC9FE1967DEA}.Debug|Any CPU.Build.0 = Debug|Any CPU
		{F72A79C8-AAB5-4C35-AEBF-AC9FE1967DEA}.Release|Any CPU.ActiveCfg = Release|Any CPU
		{F72A79C8-AAB5-4C35-AEBF-AC9FE1967DEA}.Release|Any CPU.Build.0 = Release|Any CPU
		{5852A039-793E-4BDD-A3F2-6411D55D4DA6}.Debug|Any CPU.ActiveCfg = Debug|Any CPU
		{5852A039-793E-4BDD-A3F2-6411D55D4DA6}.Debug|Any CPU.Build.0 = Debug|Any CPU
		{5852A039-793E-4BDD-A3F2-6411D55D4DA6}.Release|Any CPU.ActiveCfg = Release|Any CPU
		{5852A039-793E-4BDD-A3F2-6411D55D4DA6}.Release|Any CPU.Build.0 = Release|Any CPU
		{104C75B2-77F0-4FF6-8AB8-A492950F2C90}.Debug|Any CPU.ActiveCfg = Debug|Any CPU
		{104C75B2-77F0-4FF6-8AB8-A492950F2C90}.Debug|Any CPU.Build.0 = Debug|Any CPU
		{104C75B2-77F0-4FF6-8AB8-A492950F2C90}.Release|Any CPU.ActiveCfg = Release|Any CPU
		{104C75B2-77F0-4FF6-8AB8-A492950F2C90}.Release|Any CPU.Build.0 = Release|Any CPU
		{2C16D818-AE16-4933-884D-999922016D62}.Debug|Any CPU.ActiveCfg = Debug|Any CPU
		{2C16D818-AE16-4933-884D-999922016D62}.Debug|Any CPU.Build.0 = Debug|Any CPU
		{2C16D818-AE16-4933-884D-999922016D62}.Release|Any CPU.ActiveCfg = Release|Any CPU
		{2C16D818-AE16-4933-884D-999922016D62}.Release|Any CPU.Build.0 = Release|Any CPU
		{2CB42DD7-F91F-4262-B4C7-E20E072347EA}.Debug|Any CPU.ActiveCfg = Debug|Any CPU
		{2CB42DD7-F91F-4262-B4C7-E20E072347EA}.Debug|Any CPU.Build.0 = Debug|Any CPU
		{2CB42DD7-F91F-4262-B4C7-E20E072347EA}.Release|Any CPU.ActiveCfg = Release|Any CPU
		{2CB42DD7-F91F-4262-B4C7-E20E072347EA}.Release|Any CPU.Build.0 = Release|Any CPU
		{63546276-9378-4620-92FC-701507683B62}.Debug|Any CPU.ActiveCfg = Debug|Any CPU
		{63546276-9378-4620-92FC-701507683B62}.Debug|Any CPU.Build.0 = Debug|Any CPU
		{63546276-9378-4620-92FC-701507683B62}.Release|Any CPU.ActiveCfg = Release|Any CPU
		{63546276-9378-4620-92FC-701507683B62}.Release|Any CPU.Build.0 = Release|Any CPU
		{031035AC-5A65-4B4A-87C2-3C475FA28DE0}.Debug|Any CPU.ActiveCfg = Debug|Any CPU
		{031035AC-5A65-4B4A-87C2-3C475FA28DE0}.Debug|Any CPU.Build.0 = Debug|Any CPU
		{031035AC-5A65-4B4A-87C2-3C475FA28DE0}.Release|Any CPU.ActiveCfg = Release|Any CPU
		{031035AC-5A65-4B4A-87C2-3C475FA28DE0}.Release|Any CPU.Build.0 = Release|Any CPU
		{DD450FFA-DF33-41AC-BA0F-4D7A7297EC95}.Debug|Any CPU.ActiveCfg = Debug|Any CPU
		{DD450FFA-DF33-41AC-BA0F-4D7A7297EC95}.Debug|Any CPU.Build.0 = Debug|Any CPU
		{DD450FFA-DF33-41AC-BA0F-4D7A7297EC95}.Release|Any CPU.ActiveCfg = Release|Any CPU
		{DD450FFA-DF33-41AC-BA0F-4D7A7297EC95}.Release|Any CPU.Build.0 = Release|Any CPU
		{0EA2320C-FBC7-483B-AFA1-87AD30FDDBCB}.Debug|Any CPU.ActiveCfg = Debug|Any CPU
		{0EA2320C-FBC7-483B-AFA1-87AD30FDDBCB}.Debug|Any CPU.Build.0 = Debug|Any CPU
		{0EA2320C-FBC7-483B-AFA1-87AD30FDDBCB}.Release|Any CPU.ActiveCfg = Release|Any CPU
		{0EA2320C-FBC7-483B-AFA1-87AD30FDDBCB}.Release|Any CPU.Build.0 = Release|Any CPU
		{350E9A58-99AB-4B4B-9735-A7DB8E99B7BB}.Debug|Any CPU.ActiveCfg = Debug|Any CPU
		{350E9A58-99AB-4B4B-9735-A7DB8E99B7BB}.Debug|Any CPU.Build.0 = Debug|Any CPU
		{350E9A58-99AB-4B4B-9735-A7DB8E99B7BB}.Release|Any CPU.ActiveCfg = Release|Any CPU
		{350E9A58-99AB-4B4B-9735-A7DB8E99B7BB}.Release|Any CPU.Build.0 = Release|Any CPU
		{CF4FCBF9-B10F-410B-B152-AD363C230993}.Debug|Any CPU.ActiveCfg = Debug|Any CPU
		{CF4FCBF9-B10F-410B-B152-AD363C230993}.Debug|Any CPU.Build.0 = Debug|Any CPU
		{CF4FCBF9-B10F-410B-B152-AD363C230993}.Release|Any CPU.ActiveCfg = Release|Any CPU
		{CF4FCBF9-B10F-410B-B152-AD363C230993}.Release|Any CPU.Build.0 = Release|Any CPU
		{2524993C-34B9-4F4E-8EFE-2C607683C413}.Debug|Any CPU.ActiveCfg = Debug|Any CPU
		{2524993C-34B9-4F4E-8EFE-2C607683C413}.Debug|Any CPU.Build.0 = Debug|Any CPU
		{2524993C-34B9-4F4E-8EFE-2C607683C413}.Release|Any CPU.ActiveCfg = Release|Any CPU
		{2524993C-34B9-4F4E-8EFE-2C607683C413}.Release|Any CPU.Build.0 = Release|Any CPU
		{9643F90A-6D3D-45AF-82AA-A2D77F172B62}.Debug|Any CPU.ActiveCfg = Debug|Any CPU
		{9643F90A-6D3D-45AF-82AA-A2D77F172B62}.Debug|Any CPU.Build.0 = Debug|Any CPU
		{9643F90A-6D3D-45AF-82AA-A2D77F172B62}.Release|Any CPU.ActiveCfg = Release|Any CPU
		{9643F90A-6D3D-45AF-82AA-A2D77F172B62}.Release|Any CPU.Build.0 = Release|Any CPU
		{1F81806E-7E0C-477B-849C-F8522F4B9737}.Debug|Any CPU.ActiveCfg = Debug|Any CPU
		{1F81806E-7E0C-477B-849C-F8522F4B9737}.Debug|Any CPU.Build.0 = Debug|Any CPU
		{1F81806E-7E0C-477B-849C-F8522F4B9737}.Release|Any CPU.ActiveCfg = Release|Any CPU
		{1F81806E-7E0C-477B-849C-F8522F4B9737}.Release|Any CPU.Build.0 = Release|Any CPU
		{5E3B3A81-E8E4-41D4-8606-BC1C0710C946}.Debug|Any CPU.ActiveCfg = Debug|Any CPU
		{5E3B3A81-E8E4-41D4-8606-BC1C0710C946}.Debug|Any CPU.Build.0 = Debug|Any CPU
		{5E3B3A81-E8E4-41D4-8606-BC1C0710C946}.Release|Any CPU.ActiveCfg = Release|Any CPU
		{5E3B3A81-E8E4-41D4-8606-BC1C0710C946}.Release|Any CPU.Build.0 = Release|Any CPU
		{02312626-C3EE-4E84-A80B-29ED1B6E76EE}.Debug|Any CPU.ActiveCfg = Debug|Any CPU
		{02312626-C3EE-4E84-A80B-29ED1B6E76EE}.Debug|Any CPU.Build.0 = Debug|Any CPU
		{02312626-C3EE-4E84-A80B-29ED1B6E76EE}.Release|Any CPU.ActiveCfg = Release|Any CPU
		{02312626-C3EE-4E84-A80B-29ED1B6E76EE}.Release|Any CPU.Build.0 = Release|Any CPU
		{46CDC0F8-FFEF-484C-BEC5-A69A24DB34B6}.Debug|Any CPU.ActiveCfg = Debug|Any CPU
		{46CDC0F8-FFEF-484C-BEC5-A69A24DB34B6}.Debug|Any CPU.Build.0 = Debug|Any CPU
		{46CDC0F8-FFEF-484C-BEC5-A69A24DB34B6}.Release|Any CPU.ActiveCfg = Release|Any CPU
		{46CDC0F8-FFEF-484C-BEC5-A69A24DB34B6}.Release|Any CPU.Build.0 = Release|Any CPU
		{DA4C47DC-5D24-433E-8265-F0593EF5A660}.Debug|Any CPU.ActiveCfg = Debug|Any CPU
		{DA4C47DC-5D24-433E-8265-F0593EF5A660}.Debug|Any CPU.Build.0 = Debug|Any CPU
		{DA4C47DC-5D24-433E-8265-F0593EF5A660}.Release|Any CPU.ActiveCfg = Release|Any CPU
		{DA4C47DC-5D24-433E-8265-F0593EF5A660}.Release|Any CPU.Build.0 = Release|Any CPU
		{EC0D237B-C30A-4966-98EA-85AD7C553A77}.Debug|Any CPU.ActiveCfg = Debug|Any CPU
		{EC0D237B-C30A-4966-98EA-85AD7C553A77}.Debug|Any CPU.Build.0 = Debug|Any CPU
		{EC0D237B-C30A-4966-98EA-85AD7C553A77}.Release|Any CPU.ActiveCfg = Release|Any CPU
		{EC0D237B-C30A-4966-98EA-85AD7C553A77}.Release|Any CPU.Build.0 = Release|Any CPU
		{12235F7B-62CE-450F-A285-6959B01F0F5C}.Debug|Any CPU.ActiveCfg = Debug|Any CPU
		{12235F7B-62CE-450F-A285-6959B01F0F5C}.Debug|Any CPU.Build.0 = Debug|Any CPU
		{12235F7B-62CE-450F-A285-6959B01F0F5C}.Release|Any CPU.ActiveCfg = Release|Any CPU
		{12235F7B-62CE-450F-A285-6959B01F0F5C}.Release|Any CPU.Build.0 = Release|Any CPU
		{E5B6626D-1ADB-41A1-AA3A-E357F4498747}.Debug|Any CPU.ActiveCfg = Debug|Any CPU
		{E5B6626D-1ADB-41A1-AA3A-E357F4498747}.Debug|Any CPU.Build.0 = Debug|Any CPU
		{E5B6626D-1ADB-41A1-AA3A-E357F4498747}.Release|Any CPU.ActiveCfg = Release|Any CPU
		{E5B6626D-1ADB-41A1-AA3A-E357F4498747}.Release|Any CPU.Build.0 = Release|Any CPU
	EndGlobalSection
	GlobalSection(SolutionProperties) = preSolution
		HideSolutionNode = FALSE
	EndGlobalSection
	GlobalSection(NestedProjects) = preSolution
		{69832C7D-BC04-4E6F-8C35-235341EDE5F8} = {B350D72F-7395-4D4C-A707-F1CB051131CB}
		{48C80C5B-C1EF-40CC-BCEA-D9620E459C52} = {B350D72F-7395-4D4C-A707-F1CB051131CB}
		{8629FB88-5BC2-4FD3-8382-C99BB58EFD6B} = {B350D72F-7395-4D4C-A707-F1CB051131CB}
		{C90E5CA8-C6D4-4C1B-9739-AC2773987D39} = {B350D72F-7395-4D4C-A707-F1CB051131CB}
		{C4813667-E2D5-4D79-8F47-B0067FBFF399} = {B350D72F-7395-4D4C-A707-F1CB051131CB}
		{B823BCC3-74D0-423A-AEFA-ECCAE58DF2B1} = {B350D72F-7395-4D4C-A707-F1CB051131CB}
		{E991D1D1-652B-40AD-B77C-B859867E02CB} = {B350D72F-7395-4D4C-A707-F1CB051131CB}
		{332F714C-8932-4832-8594-A0EB4A292E96} = {B350D72F-7395-4D4C-A707-F1CB051131CB}
		{3F323F0A-5EDA-4908-B1E8-1405F29BB44B} = {B350D72F-7395-4D4C-A707-F1CB051131CB}
		{4CF3F33B-8549-4091-AB59-9C7A4C2DDC24} = {B350D72F-7395-4D4C-A707-F1CB051131CB}
		{6218693A-20D5-4C1B-90F8-D73B0CE2929E} = {B350D72F-7395-4D4C-A707-F1CB051131CB}
		{55150822-DFD0-4AB1-B5AC-6B9DFBD68A63} = {B350D72F-7395-4D4C-A707-F1CB051131CB}
		{06042640-71AD-49A7-B298-7480ABE56193} = {1DC2571F-803F-48C1-9371-80F8C57FEB72}
		{C1C924E5-45A3-434F-8EEA-AD2613BD4EC2} = {1DC2571F-803F-48C1-9371-80F8C57FEB72}
		{261EDDAB-4115-41A8-B226-4369AEA4D53B} = {8411CCE9-4DE6-49B8-8956-2C7135791722}
		{67589E2C-628A-40AB-A5D5-181D91B20B66} = {8411CCE9-4DE6-49B8-8956-2C7135791722}
		{CEBD3326-5045-4786-A58A-6450526C6FA6} = {8411CCE9-4DE6-49B8-8956-2C7135791722}
		{CBFDD9E3-3889-4416-95EA-5BBF11350EF3} = {8411CCE9-4DE6-49B8-8956-2C7135791722}
		{B3B34624-D93F-42BA-A975-AE6C7BE88D2E} = {8411CCE9-4DE6-49B8-8956-2C7135791722}
		{9022A7F6-2C46-484E-984F-C036932002CD} = {01D8D828-7E0B-4E5B-A5A2-20F377FDCE85}
		{F72A79C8-AAB5-4C35-AEBF-AC9FE1967DEA} = {01D8D828-7E0B-4E5B-A5A2-20F377FDCE85}
		{5852A039-793E-4BDD-A3F2-6411D55D4DA6} = {01D8D828-7E0B-4E5B-A5A2-20F377FDCE85}
		{104C75B2-77F0-4FF6-8AB8-A492950F2C90} = {01D8D828-7E0B-4E5B-A5A2-20F377FDCE85}
		{2C16D818-AE16-4933-884D-999922016D62} = {01D8D828-7E0B-4E5B-A5A2-20F377FDCE85}
		{2CB42DD7-F91F-4262-B4C7-E20E072347EA} = {01D8D828-7E0B-4E5B-A5A2-20F377FDCE85}
		{63546276-9378-4620-92FC-701507683B62} = {01D8D828-7E0B-4E5B-A5A2-20F377FDCE85}
		{031035AC-5A65-4B4A-87C2-3C475FA28DE0} = {659AC59A-9788-4681-86ED-CD9807ACFC2C}
		{DD450FFA-DF33-41AC-BA0F-4D7A7297EC95} = {659AC59A-9788-4681-86ED-CD9807ACFC2C}
		{0EA2320C-FBC7-483B-AFA1-87AD30FDDBCB} = {659AC59A-9788-4681-86ED-CD9807ACFC2C}
		{350E9A58-99AB-4B4B-9735-A7DB8E99B7BB} = {659AC59A-9788-4681-86ED-CD9807ACFC2C}
		{CF4FCBF9-B10F-410B-B152-AD363C230993} = {DB674235-46E7-4CC4-8B3C-1FE36BA1BCEF}
		{2524993C-34B9-4F4E-8EFE-2C607683C413} = {DB674235-46E7-4CC4-8B3C-1FE36BA1BCEF}
		{9643F90A-6D3D-45AF-82AA-A2D77F172B62} = {DB674235-46E7-4CC4-8B3C-1FE36BA1BCEF}
		{1F81806E-7E0C-477B-849C-F8522F4B9737} = {DB674235-46E7-4CC4-8B3C-1FE36BA1BCEF}
		{5E3B3A81-E8E4-41D4-8606-BC1C0710C946} = {DB674235-46E7-4CC4-8B3C-1FE36BA1BCEF}
		{02312626-C3EE-4E84-A80B-29ED1B6E76EE} = {FC08ACCF-9CBA-4F8C-8565-F7EFB369852D}
		{46CDC0F8-FFEF-484C-BEC5-A69A24DB34B6} = {FC08ACCF-9CBA-4F8C-8565-F7EFB369852D}
		{DA4C47DC-5D24-433E-8265-F0593EF5A660} = {FC08ACCF-9CBA-4F8C-8565-F7EFB369852D}
		{EC0D237B-C30A-4966-98EA-85AD7C553A77} = {FC08ACCF-9CBA-4F8C-8565-F7EFB369852D}
		{12235F7B-62CE-450F-A285-6959B01F0F5C} = {4CD0CD40-C641-4708-BA2F-7750F9255587}
		{E5B6626D-1ADB-41A1-AA3A-E357F4498747} = {4CD0CD40-C641-4708-BA2F-7750F9255587}
	EndGlobalSection
	GlobalSection(ExtensibilityGlobals) = postSolution
		SolutionGuid = {F671FAF1-7CC2-4478-8D94-81AD20BFF21A}
	EndGlobalSection
EndGlobal
